// !$*UTF8*$!
{
	archiveVersion = 1;
	classes = {
	};
	objectVersion = 56;
	objects = {

/* Begin PBXBuildFile section */
		07D49A6B85E00BCA94372B93 /* Pods_taipei_zoo.framework in Frameworks */ = {isa = PBXBuildFile; fileRef = FC123480BF67C70501682F89 /* Pods_taipei_zoo.framework */; };
		AE73FA392A3B472B00D98446 /* AppDelegate.swift in Sources */ = {isa = PBXBuildFile; fileRef = AE73FA382A3B472B00D98446 /* AppDelegate.swift */; };
		AE73FA3D2A3B472B00D98446 /* ViewController.swift in Sources */ = {isa = PBXBuildFile; fileRef = AE73FA3C2A3B472B00D98446 /* ViewController.swift */; };
		AE73FA402A3B472B00D98446 /* Main.storyboard in Resources */ = {isa = PBXBuildFile; fileRef = AE73FA3E2A3B472B00D98446 /* Main.storyboard */; };
		AE73FA422A3B472C00D98446 /* Assets.xcassets in Resources */ = {isa = PBXBuildFile; fileRef = AE73FA412A3B472C00D98446 /* Assets.xcassets */; };
		AE73FA452A3B472C00D98446 /* LaunchScreen.storyboard in Resources */ = {isa = PBXBuildFile; fileRef = AE73FA432A3B472C00D98446 /* LaunchScreen.storyboard */; };
		AE73FA512A3B526600D98446 /* AreaResultModel.swift in Sources */ = {isa = PBXBuildFile; fileRef = AE73FA502A3B526600D98446 /* AreaResultModel.swift */; };
		AE73FA532A3B53C200D98446 /* AreaModel.swift in Sources */ = {isa = PBXBuildFile; fileRef = AE73FA522A3B53C200D98446 /* AreaModel.swift */; };
		C11A8D612A3BF0AB0014AF8C /* AppCoordinator.swift in Sources */ = {isa = PBXBuildFile; fileRef = C11A8D602A3BF0AB0014AF8C /* AppCoordinator.swift */; };
		C11A8D682A3C13450014AF8C /* ZooDataModel.xcdatamodeld in Sources */ = {isa = PBXBuildFile; fileRef = C11A8D662A3C13450014AF8C /* ZooDataModel.xcdatamodeld */; };
		C11A8D722A3C2B5B0014AF8C /* TaipeiZooService.swift in Sources */ = {isa = PBXBuildFile; fileRef = C11A8D712A3C2B5B0014AF8C /* TaipeiZooService.swift */; };
		C11A8D742A3C2E9F0014AF8C /* CoreDataManager.swift in Sources */ = {isa = PBXBuildFile; fileRef = C11A8D732A3C2E9F0014AF8C /* CoreDataManager.swift */; };
		C11A8D762A3C44B00014AF8C /* PlantResultModel.swift in Sources */ = {isa = PBXBuildFile; fileRef = C11A8D752A3C44B00014AF8C /* PlantResultModel.swift */; };
		C11A8D782A3C44D40014AF8C /* PlantModel.swift in Sources */ = {isa = PBXBuildFile; fileRef = C11A8D772A3C44D40014AF8C /* PlantModel.swift */; };
/* End PBXBuildFile section */

/* Begin PBXFileReference section */
		8E099B04F4FC4C31AD026F85 /* Pods-taipei-zoo.release.xcconfig */ = {isa = PBXFileReference; includeInIndex = 1; lastKnownFileType = text.xcconfig; name = "Pods-taipei-zoo.release.xcconfig"; path = "Target Support Files/Pods-taipei-zoo/Pods-taipei-zoo.release.xcconfig"; sourceTree = "<group>"; };
		AE73FA352A3B472B00D98446 /* taipei-zoo.app */ = {isa = PBXFileReference; explicitFileType = wrapper.application; includeInIndex = 0; path = "taipei-zoo.app"; sourceTree = BUILT_PRODUCTS_DIR; };
		AE73FA382A3B472B00D98446 /* AppDelegate.swift */ = {isa = PBXFileReference; lastKnownFileType = sourcecode.swift; path = AppDelegate.swift; sourceTree = "<group>"; };
		AE73FA3C2A3B472B00D98446 /* ViewController.swift */ = {isa = PBXFileReference; lastKnownFileType = sourcecode.swift; path = ViewController.swift; sourceTree = "<group>"; };
		AE73FA3F2A3B472B00D98446 /* Base */ = {isa = PBXFileReference; lastKnownFileType = file.storyboard; name = Base; path = Base.lproj/Main.storyboard; sourceTree = "<group>"; };
		AE73FA412A3B472C00D98446 /* Assets.xcassets */ = {isa = PBXFileReference; lastKnownFileType = folder.assetcatalog; path = Assets.xcassets; sourceTree = "<group>"; };
		AE73FA442A3B472C00D98446 /* Base */ = {isa = PBXFileReference; lastKnownFileType = file.storyboard; name = Base; path = Base.lproj/LaunchScreen.storyboard; sourceTree = "<group>"; };
		AE73FA462A3B472C00D98446 /* Info.plist */ = {isa = PBXFileReference; lastKnownFileType = text.plist.xml; path = Info.plist; sourceTree = "<group>"; };
		AE73FA502A3B526600D98446 /* AreaResultModel.swift */ = {isa = PBXFileReference; lastKnownFileType = sourcecode.swift; path = AreaResultModel.swift; sourceTree = "<group>"; };
		AE73FA522A3B53C200D98446 /* AreaModel.swift */ = {isa = PBXFileReference; lastKnownFileType = sourcecode.swift; path = AreaModel.swift; sourceTree = "<group>"; };
		C11A8D602A3BF0AB0014AF8C /* AppCoordinator.swift */ = {isa = PBXFileReference; lastKnownFileType = sourcecode.swift; path = AppCoordinator.swift; sourceTree = "<group>"; };
		C11A8D672A3C13450014AF8C /* ZooDataModel.xcdatamodel */ = {isa = PBXFileReference; lastKnownFileType = wrapper.xcdatamodel; path = ZooDataModel.xcdatamodel; sourceTree = "<group>"; };
		C11A8D712A3C2B5B0014AF8C /* TaipeiZooService.swift */ = {isa = PBXFileReference; lastKnownFileType = sourcecode.swift; path = TaipeiZooService.swift; sourceTree = "<group>"; };
		C11A8D732A3C2E9F0014AF8C /* CoreDataManager.swift */ = {isa = PBXFileReference; lastKnownFileType = sourcecode.swift; path = CoreDataManager.swift; sourceTree = "<group>"; };
		C11A8D752A3C44B00014AF8C /* PlantResultModel.swift */ = {isa = PBXFileReference; lastKnownFileType = sourcecode.swift; path = PlantResultModel.swift; sourceTree = "<group>"; };
		C11A8D772A3C44D40014AF8C /* PlantModel.swift */ = {isa = PBXFileReference; lastKnownFileType = sourcecode.swift; path = PlantModel.swift; sourceTree = "<group>"; };
		E8482CEB635771E744A186FA /* Pods-taipei-zoo.debug.xcconfig */ = {isa = PBXFileReference; includeInIndex = 1; lastKnownFileType = text.xcconfig; name = "Pods-taipei-zoo.debug.xcconfig"; path = "Target Support Files/Pods-taipei-zoo/Pods-taipei-zoo.debug.xcconfig"; sourceTree = "<group>"; };
		FC123480BF67C70501682F89 /* Pods_taipei_zoo.framework */ = {isa = PBXFileReference; explicitFileType = wrapper.framework; includeInIndex = 0; path = Pods_taipei_zoo.framework; sourceTree = BUILT_PRODUCTS_DIR; };
/* End PBXFileReference section */

/* Begin PBXFrameworksBuildPhase section */
		AE73FA322A3B472B00D98446 /* Frameworks */ = {
			isa = PBXFrameworksBuildPhase;
			buildActionMask = 2147483647;
			files = (
				07D49A6B85E00BCA94372B93 /* Pods_taipei_zoo.framework in Frameworks */,
			);
			runOnlyForDeploymentPostprocessing = 0;
		};
/* End PBXFrameworksBuildPhase section */

/* Begin PBXGroup section */
		6228E7DCEA8F40A728C79BC4 /* Pods */ = {
			isa = PBXGroup;
			children = (
				E8482CEB635771E744A186FA /* Pods-taipei-zoo.debug.xcconfig */,
				8E099B04F4FC4C31AD026F85 /* Pods-taipei-zoo.release.xcconfig */,
			);
			path = Pods;
			sourceTree = "<group>";
		};
		9CE5C35C023757183FC21FB5 /* Frameworks */ = {
			isa = PBXGroup;
			children = (
				FC123480BF67C70501682F89 /* Pods_taipei_zoo.framework */,
			);
			name = Frameworks;
			sourceTree = "<group>";
		};
		AE73FA2C2A3B472B00D98446 = {
			isa = PBXGroup;
			children = (
				C11A8D662A3C13450014AF8C /* ZooDataModel.xcdatamodeld */,
				AE73FA372A3B472B00D98446 /* taipei-zoo */,
				AE73FA362A3B472B00D98446 /* Products */,
				6228E7DCEA8F40A728C79BC4 /* Pods */,
				9CE5C35C023757183FC21FB5 /* Frameworks */,
			);
			sourceTree = "<group>";
		};
		AE73FA362A3B472B00D98446 /* Products */ = {
			isa = PBXGroup;
			children = (
				AE73FA352A3B472B00D98446 /* taipei-zoo.app */,
			);
			name = Products;
			sourceTree = "<group>";
		};
		AE73FA372A3B472B00D98446 /* taipei-zoo */ = {
			isa = PBXGroup;
			children = (
				C11A8D702A3C2B490014AF8C /* Services */,
				AE73FA4F2A3B522A00D98446 /* Model */,
				AE73FA382A3B472B00D98446 /* AppDelegate.swift */,
				AE73FA3C2A3B472B00D98446 /* ViewController.swift */,
				AE73FA3E2A3B472B00D98446 /* Main.storyboard */,
				AE73FA412A3B472C00D98446 /* Assets.xcassets */,
				AE73FA432A3B472C00D98446 /* LaunchScreen.storyboard */,
				AE73FA462A3B472C00D98446 /* Info.plist */,
				C11A8D602A3BF0AB0014AF8C /* AppCoordinator.swift */,
				C11A8D732A3C2E9F0014AF8C /* CoreDataManager.swift */,
			);
			path = "taipei-zoo";
			sourceTree = "<group>";
		};
		AE73FA4F2A3B522A00D98446 /* Model */ = {
			isa = PBXGroup;
			children = (
				AE73FA502A3B526600D98446 /* AreaResultModel.swift */,
				AE73FA522A3B53C200D98446 /* AreaModel.swift */,
				C11A8D752A3C44B00014AF8C /* PlantResultModel.swift */,
				C11A8D772A3C44D40014AF8C /* PlantModel.swift */,
			);
			path = Model;
			sourceTree = "<group>";
		};
		AE73FA4F2A3B522A00D98446 /* Model */ = {
			isa = PBXGroup;
			children = (
				AE73FA502A3B526600D98446 /* AreaResultModel.swift */,
				AE73FA522A3B53C200D98446 /* AreaModel.swift */,
			);
			path = Model;
		C11A8D702A3C2B490014AF8C /* Services */ = {
			isa = PBXGroup;
			children = (
				C11A8D712A3C2B5B0014AF8C /* TaipeiZooService.swift */,
			);
			path = Services;
			sourceTree = "<group>";
		};
/* End PBXGroup section */

/* Begin PBXNativeTarget section */
		AE73FA342A3B472B00D98446 /* taipei-zoo */ = {
			isa = PBXNativeTarget;
			buildConfigurationList = AE73FA492A3B472C00D98446 /* Build configuration list for PBXNativeTarget "taipei-zoo" */;
			buildPhases = (
				F118190C68D03029B7C9BAC3 /* [CP] Check Pods Manifest.lock */,
				AE73FA312A3B472B00D98446 /* Sources */,
				AE73FA322A3B472B00D98446 /* Frameworks */,
				AE73FA332A3B472B00D98446 /* Resources */,
				D220D302A401816A5010989F /* [CP] Embed Pods Frameworks */,
			);
			buildRules = (
			);
			dependencies = (
			);
			name = "taipei-zoo";
			productName = "taipei-zoo";
			productReference = AE73FA352A3B472B00D98446 /* taipei-zoo.app */;
			productType = "com.apple.product-type.application";
		};
/* End PBXNativeTarget section */

/* Begin PBXProject section */
		AE73FA2D2A3B472B00D98446 /* Project object */ = {
			isa = PBXProject;
			attributes = {
				BuildIndependentTargetsInParallel = 1;
				LastSwiftUpdateCheck = 1430;
				LastUpgradeCheck = 1430;
				TargetAttributes = {
					AE73FA342A3B472B00D98446 = {
						CreatedOnToolsVersion = 14.3.1;
					};
				};
			};
			buildConfigurationList = AE73FA302A3B472B00D98446 /* Build configuration list for PBXProject "taipei-zoo" */;
			compatibilityVersion = "Xcode 14.0";
			developmentRegion = en;
			hasScannedForEncodings = 0;
			knownRegions = (
				en,
				Base,
			);
			mainGroup = AE73FA2C2A3B472B00D98446;
			productRefGroup = AE73FA362A3B472B00D98446 /* Products */;
			projectDirPath = "";
			projectRoot = "";
			targets = (
				AE73FA342A3B472B00D98446 /* taipei-zoo */,
			);
		};
/* End PBXProject section */

/* Begin PBXResourcesBuildPhase section */
		AE73FA332A3B472B00D98446 /* Resources */ = {
			isa = PBXResourcesBuildPhase;
			buildActionMask = 2147483647;
			files = (
				AE73FA452A3B472C00D98446 /* LaunchScreen.storyboard in Resources */,
				AE73FA422A3B472C00D98446 /* Assets.xcassets in Resources */,
				AE73FA402A3B472B00D98446 /* Main.storyboard in Resources */,
			);
			runOnlyForDeploymentPostprocessing = 0;
		};
/* End PBXResourcesBuildPhase section */

/* Begin PBXShellScriptBuildPhase section */
		D220D302A401816A5010989F /* [CP] Embed Pods Frameworks */ = {
			isa = PBXShellScriptBuildPhase;
			buildActionMask = 2147483647;
			files = (
			);
			inputFileListPaths = (
				"${PODS_ROOT}/Target Support Files/Pods-taipei-zoo/Pods-taipei-zoo-frameworks-${CONFIGURATION}-input-files.xcfilelist",
			);
			name = "[CP] Embed Pods Frameworks";
			outputFileListPaths = (
				"${PODS_ROOT}/Target Support Files/Pods-taipei-zoo/Pods-taipei-zoo-frameworks-${CONFIGURATION}-output-files.xcfilelist",
			);
			runOnlyForDeploymentPostprocessing = 0;
			shellPath = /bin/sh;
			shellScript = "\"${PODS_ROOT}/Target Support Files/Pods-taipei-zoo/Pods-taipei-zoo-frameworks.sh\"\n";
			showEnvVarsInLog = 0;
		};
		F118190C68D03029B7C9BAC3 /* [CP] Check Pods Manifest.lock */ = {
			isa = PBXShellScriptBuildPhase;
			buildActionMask = 2147483647;
			files = (
			);
			inputFileListPaths = (
			);
			inputPaths = (
				"${PODS_PODFILE_DIR_PATH}/Podfile.lock",
				"${PODS_ROOT}/Manifest.lock",
			);
			name = "[CP] Check Pods Manifest.lock";
			outputFileListPaths = (
			);
			outputPaths = (
				"$(DERIVED_FILE_DIR)/Pods-taipei-zoo-checkManifestLockResult.txt",
			);
			runOnlyForDeploymentPostprocessing = 0;
			shellPath = /bin/sh;
			shellScript = "diff \"${PODS_PODFILE_DIR_PATH}/Podfile.lock\" \"${PODS_ROOT}/Manifest.lock\" > /dev/null\nif [ $? != 0 ] ; then\n    # print error to STDERR\n    echo \"error: The sandbox is not in sync with the Podfile.lock. Run 'pod install' or update your CocoaPods installation.\" >&2\n    exit 1\nfi\n# This output is used by Xcode 'outputs' to avoid re-running this script phase.\necho \"SUCCESS\" > \"${SCRIPT_OUTPUT_FILE_0}\"\n";
			showEnvVarsInLog = 0;
		};
/* End PBXShellScriptBuildPhase section */

/* Begin PBXSourcesBuildPhase section */
		AE73FA312A3B472B00D98446 /* Sources */ = {
			isa = PBXSourcesBuildPhase;
			buildActionMask = 2147483647;
			files = (
				C11A8D682A3C13450014AF8C /* ZooDataModel.xcdatamodeld in Sources */,
				C11A8D612A3BF0AB0014AF8C /* AppCoordinator.swift in Sources */,
				AE73FA532A3B53C200D98446 /* AreaModel.swift in Sources */,
				AE73FA3D2A3B472B00D98446 /* ViewController.swift in Sources */,
				C11A8D782A3C44D40014AF8C /* PlantModel.swift in Sources */,
				C11A8D722A3C2B5B0014AF8C /* TaipeiZooService.swift in Sources */,
				C11A8D742A3C2E9F0014AF8C /* CoreDataManager.swift in Sources */,
				AE73FA512A3B526600D98446 /* AreaResultModel.swift in Sources */,
				C11A8D762A3C44B00014AF8C /* PlantResultModel.swift in Sources */,
				AE73FA392A3B472B00D98446 /* AppDelegate.swift in Sources */,
			);
			runOnlyForDeploymentPostprocessing = 0;
		};
/* End PBXSourcesBuildPhase section */

/* Begin PBXVariantGroup section */
		AE73FA3E2A3B472B00D98446 /* Main.storyboard */ = {
			isa = PBXVariantGroup;
			children = (
				AE73FA3F2A3B472B00D98446 /* Base */,
			);
			name = Main.storyboard;
			sourceTree = "<group>";
		};
		AE73FA432A3B472C00D98446 /* LaunchScreen.storyboard */ = {
			isa = PBXVariantGroup;
			children = (
				AE73FA442A3B472C00D98446 /* Base */,
			);
			name = LaunchScreen.storyboard;
			sourceTree = "<group>";
		};
/* End PBXVariantGroup section */

/* Begin XCBuildConfiguration section */
		AE73FA472A3B472C00D98446 /* Debug */ = {
			isa = XCBuildConfiguration;
			buildSettings = {
				ALWAYS_SEARCH_USER_PATHS = NO;
				CLANG_ANALYZER_NONNULL = YES;
				CLANG_ANALYZER_NUMBER_OBJECT_CONVERSION = YES_AGGRESSIVE;
				CLANG_CXX_LANGUAGE_STANDARD = "gnu++20";
				CLANG_ENABLE_MODULES = YES;
				CLANG_ENABLE_OBJC_ARC = YES;
				CLANG_ENABLE_OBJC_WEAK = YES;
				CLANG_WARN_BLOCK_CAPTURE_AUTORELEASING = YES;
				CLANG_WARN_BOOL_CONVERSION = YES;
				CLANG_WARN_COMMA = YES;
				CLANG_WARN_CONSTANT_CONVERSION = YES;
				CLANG_WARN_DEPRECATED_OBJC_IMPLEMENTATIONS = YES;
				CLANG_WARN_DIRECT_OBJC_ISA_USAGE = YES_ERROR;
				CLANG_WARN_DOCUMENTATION_COMMENTS = YES;
				CLANG_WARN_EMPTY_BODY = YES;
				CLANG_WARN_ENUM_CONVERSION = YES;
				CLANG_WARN_INFINITE_RECURSION = YES;
				CLANG_WARN_INT_CONVERSION = YES;
				CLANG_WARN_NON_LITERAL_NULL_CONVERSION = YES;
				CLANG_WARN_OBJC_IMPLICIT_RETAIN_SELF = YES;
				CLANG_WARN_OBJC_LITERAL_CONVERSION = YES;
				CLANG_WARN_OBJC_ROOT_CLASS = YES_ERROR;
				CLANG_WARN_QUOTED_INCLUDE_IN_FRAMEWORK_HEADER = YES;
				CLANG_WARN_RANGE_LOOP_ANALYSIS = YES;
				CLANG_WARN_STRICT_PROTOTYPES = YES;
				CLANG_WARN_SUSPICIOUS_MOVE = YES;
				CLANG_WARN_UNGUARDED_AVAILABILITY = YES_AGGRESSIVE;
				CLANG_WARN_UNREACHABLE_CODE = YES;
				CLANG_WARN__DUPLICATE_METHOD_MATCH = YES;
				COPY_PHASE_STRIP = NO;
				DEBUG_INFORMATION_FORMAT = dwarf;
				ENABLE_STRICT_OBJC_MSGSEND = YES;
				ENABLE_TESTABILITY = YES;
				GCC_C_LANGUAGE_STANDARD = gnu11;
				GCC_DYNAMIC_NO_PIC = NO;
				GCC_NO_COMMON_BLOCKS = YES;
				GCC_OPTIMIZATION_LEVEL = 0;
				GCC_PREPROCESSOR_DEFINITIONS = (
					"DEBUG=1",
					"$(inherited)",
				);
				GCC_WARN_64_TO_32_BIT_CONVERSION = YES;
				GCC_WARN_ABOUT_RETURN_TYPE = YES_ERROR;
				GCC_WARN_UNDECLARED_SELECTOR = YES;
				GCC_WARN_UNINITIALIZED_AUTOS = YES_AGGRESSIVE;
				GCC_WARN_UNUSED_FUNCTION = YES;
				GCC_WARN_UNUSED_VARIABLE = YES;
				IPHONEOS_DEPLOYMENT_TARGET = 16.4;
				MTL_ENABLE_DEBUG_INFO = INCLUDE_SOURCE;
				MTL_FAST_MATH = YES;
				ONLY_ACTIVE_ARCH = YES;
				SDKROOT = iphoneos;
				SWIFT_ACTIVE_COMPILATION_CONDITIONS = DEBUG;
				SWIFT_OPTIMIZATION_LEVEL = "-Onone";
			};
			name = Debug;
		};
		AE73FA482A3B472C00D98446 /* Release */ = {
			isa = XCBuildConfiguration;
			buildSettings = {
				ALWAYS_SEARCH_USER_PATHS = NO;
				CLANG_ANALYZER_NONNULL = YES;
				CLANG_ANALYZER_NUMBER_OBJECT_CONVERSION = YES_AGGRESSIVE;
				CLANG_CXX_LANGUAGE_STANDARD = "gnu++20";
				CLANG_ENABLE_MODULES = YES;
				CLANG_ENABLE_OBJC_ARC = YES;
				CLANG_ENABLE_OBJC_WEAK = YES;
				CLANG_WARN_BLOCK_CAPTURE_AUTORELEASING = YES;
				CLANG_WARN_BOOL_CONVERSION = YES;
				CLANG_WARN_COMMA = YES;
				CLANG_WARN_CONSTANT_CONVERSION = YES;
				CLANG_WARN_DEPRECATED_OBJC_IMPLEMENTATIONS = YES;
				CLANG_WARN_DIRECT_OBJC_ISA_USAGE = YES_ERROR;
				CLANG_WARN_DOCUMENTATION_COMMENTS = YES;
				CLANG_WARN_EMPTY_BODY = YES;
				CLANG_WARN_ENUM_CONVERSION = YES;
				CLANG_WARN_INFINITE_RECURSION = YES;
				CLANG_WARN_INT_CONVERSION = YES;
				CLANG_WARN_NON_LITERAL_NULL_CONVERSION = YES;
				CLANG_WARN_OBJC_IMPLICIT_RETAIN_SELF = YES;
				CLANG_WARN_OBJC_LITERAL_CONVERSION = YES;
				CLANG_WARN_OBJC_ROOT_CLASS = YES_ERROR;
				CLANG_WARN_QUOTED_INCLUDE_IN_FRAMEWORK_HEADER = YES;
				CLANG_WARN_RANGE_LOOP_ANALYSIS = YES;
				CLANG_WARN_STRICT_PROTOTYPES = YES;
				CLANG_WARN_SUSPICIOUS_MOVE = YES;
				CLANG_WARN_UNGUARDED_AVAILABILITY = YES_AGGRESSIVE;
				CLANG_WARN_UNREACHABLE_CODE = YES;
				CLANG_WARN__DUPLICATE_METHOD_MATCH = YES;
				COPY_PHASE_STRIP = NO;
				DEBUG_INFORMATION_FORMAT = "dwarf-with-dsym";
				ENABLE_NS_ASSERTIONS = NO;
				ENABLE_STRICT_OBJC_MSGSEND = YES;
				GCC_C_LANGUAGE_STANDARD = gnu11;
				GCC_NO_COMMON_BLOCKS = YES;
				GCC_WARN_64_TO_32_BIT_CONVERSION = YES;
				GCC_WARN_ABOUT_RETURN_TYPE = YES_ERROR;
				GCC_WARN_UNDECLARED_SELECTOR = YES;
				GCC_WARN_UNINITIALIZED_AUTOS = YES_AGGRESSIVE;
				GCC_WARN_UNUSED_FUNCTION = YES;
				GCC_WARN_UNUSED_VARIABLE = YES;
				IPHONEOS_DEPLOYMENT_TARGET = 16.4;
				MTL_ENABLE_DEBUG_INFO = NO;
				MTL_FAST_MATH = YES;
				SDKROOT = iphoneos;
				SWIFT_COMPILATION_MODE = wholemodule;
				SWIFT_OPTIMIZATION_LEVEL = "-O";
				VALIDATE_PRODUCT = YES;
			};
			name = Release;
		};
		AE73FA4A2A3B472C00D98446 /* Debug */ = {
			isa = XCBuildConfiguration;
			baseConfigurationReference = E8482CEB635771E744A186FA /* Pods-taipei-zoo.debug.xcconfig */;
			buildSettings = {
				ASSETCATALOG_COMPILER_APPICON_NAME = AppIcon;
				ASSETCATALOG_COMPILER_GLOBAL_ACCENT_COLOR_NAME = AccentColor;
				CODE_SIGN_STYLE = Automatic;
				CURRENT_PROJECT_VERSION = 1;
				DEVELOPMENT_TEAM = Z5K76683ZA;
				GENERATE_INFOPLIST_FILE = YES;
				INFOPLIST_FILE = "taipei-zoo/Info.plist";
				INFOPLIST_KEY_UIApplicationSupportsIndirectInputEvents = YES;
				INFOPLIST_KEY_UILaunchStoryboardName = LaunchScreen;
				INFOPLIST_KEY_UIMainStoryboardFile = Main;
				INFOPLIST_KEY_UISupportedInterfaceOrientations_iPad = "UIInterfaceOrientationPortrait UIInterfaceOrientationPortraitUpsideDown UIInterfaceOrientationLandscapeLeft UIInterfaceOrientationLandscapeRight";
				INFOPLIST_KEY_UISupportedInterfaceOrientations_iPhone = "UIInterfaceOrientationPortrait UIInterfaceOrientationLandscapeLeft UIInterfaceOrientationLandscapeRight";
				LD_RUNPATH_SEARCH_PATHS = (
					"$(inherited)",
					"@executable_path/Frameworks",
				);
				MARKETING_VERSION = 1.0;
				PRODUCT_BUNDLE_IDENTIFIER = "com.dev.taipei-zoo";
				PRODUCT_NAME = "$(TARGET_NAME)";
				SWIFT_EMIT_LOC_STRINGS = YES;
				SWIFT_VERSION = 5.0;
				TARGETED_DEVICE_FAMILY = "1,2";
			};
			name = Debug;
		};
		AE73FA4B2A3B472C00D98446 /* Release */ = {
			isa = XCBuildConfiguration;
			baseConfigurationReference = 8E099B04F4FC4C31AD026F85 /* Pods-taipei-zoo.release.xcconfig */;
			buildSettings = {
				ASSETCATALOG_COMPILER_APPICON_NAME = AppIcon;
				ASSETCATALOG_COMPILER_GLOBAL_ACCENT_COLOR_NAME = AccentColor;
				CODE_SIGN_STYLE = Automatic;
				CURRENT_PROJECT_VERSION = 1;
				DEVELOPMENT_TEAM = Z5K76683ZA;
				GENERATE_INFOPLIST_FILE = YES;
				INFOPLIST_FILE = "taipei-zoo/Info.plist";
				INFOPLIST_KEY_UIApplicationSupportsIndirectInputEvents = YES;
				INFOPLIST_KEY_UILaunchStoryboardName = LaunchScreen;
				INFOPLIST_KEY_UIMainStoryboardFile = Main;
				INFOPLIST_KEY_UISupportedInterfaceOrientations_iPad = "UIInterfaceOrientationPortrait UIInterfaceOrientationPortraitUpsideDown UIInterfaceOrientationLandscapeLeft UIInterfaceOrientationLandscapeRight";
				INFOPLIST_KEY_UISupportedInterfaceOrientations_iPhone = "UIInterfaceOrientationPortrait UIInterfaceOrientationLandscapeLeft UIInterfaceOrientationLandscapeRight";
				LD_RUNPATH_SEARCH_PATHS = (
					"$(inherited)",
					"@executable_path/Frameworks",
				);
				MARKETING_VERSION = 1.0;
				PRODUCT_BUNDLE_IDENTIFIER = "com.dev.taipei-zoo";
				PRODUCT_NAME = "$(TARGET_NAME)";
				SWIFT_EMIT_LOC_STRINGS = YES;
				SWIFT_VERSION = 5.0;
				TARGETED_DEVICE_FAMILY = "1,2";
			};
			name = Release;
		};
/* End XCBuildConfiguration section */

/* Begin XCConfigurationList section */
		AE73FA302A3B472B00D98446 /* Build configuration list for PBXProject "taipei-zoo" */ = {
			isa = XCConfigurationList;
			buildConfigurations = (
				AE73FA472A3B472C00D98446 /* Debug */,
				AE73FA482A3B472C00D98446 /* Release */,
			);
			defaultConfigurationIsVisible = 0;
			defaultConfigurationName = Release;
		};
		AE73FA492A3B472C00D98446 /* Build configuration list for PBXNativeTarget "taipei-zoo" */ = {
			isa = XCConfigurationList;
			buildConfigurations = (
				AE73FA4A2A3B472C00D98446 /* Debug */,
				AE73FA4B2A3B472C00D98446 /* Release */,
			);
			defaultConfigurationIsVisible = 0;
			defaultConfigurationName = Release;
		};
/* End XCConfigurationList section */

/* Begin XCVersionGroup section */
		C11A8D662A3C13450014AF8C /* ZooDataModel.xcdatamodeld */ = {
			isa = XCVersionGroup;
			children = (
				C11A8D672A3C13450014AF8C /* ZooDataModel.xcdatamodel */,
			);
			currentVersion = C11A8D672A3C13450014AF8C /* ZooDataModel.xcdatamodel */;
			path = ZooDataModel.xcdatamodeld;
			sourceTree = "<group>";
			versionGroupType = wrapper.xcdatamodel;
		};
/* End XCVersionGroup section */
	};
	rootObject = AE73FA2D2A3B472B00D98446 /* Project object */;
}
