// !$*UTF8*$!
{
	archiveVersion = 1;
	classes = {
	};
	objectVersion = 56;
	objects = {

/* Begin PBXBuildFile section */
		9863DEFE59B1717EF9F3BABB /* Pods_taipei_zoo.framework in Frameworks */ = {isa = PBXBuildFile; fileRef = 28F28F62972D890BD88B2575 /* Pods_taipei_zoo.framework */; };
		AE73FAAC2A3C80D500D98446 /* AppDelegate.swift in Sources */ = {isa = PBXBuildFile; fileRef = AE73FAAB2A3C80D500D98446 /* AppDelegate.swift */; };
		AE73FAB02A3C80D500D98446 /* ViewController.swift in Sources */ = {isa = PBXBuildFile; fileRef = AE73FAAF2A3C80D500D98446 /* ViewController.swift */; };
		AE73FAB32A3C80D500D98446 /* Main.storyboard in Resources */ = {isa = PBXBuildFile; fileRef = AE73FAB12A3C80D500D98446 /* Main.storyboard */; };
		AE73FAB52A3C80D600D98446 /* Assets.xcassets in Resources */ = {isa = PBXBuildFile; fileRef = AE73FAB42A3C80D600D98446 /* Assets.xcassets */; };
		AE73FAB82A3C80D600D98446 /* LaunchScreen.storyboard in Resources */ = {isa = PBXBuildFile; fileRef = AE73FAB62A3C80D600D98446 /* LaunchScreen.storyboard */; };
		AE73FAC02A3C813700D98446 /* AppCoordinator.swift in Sources */ = {isa = PBXBuildFile; fileRef = AE73FABF2A3C813700D98446 /* AppCoordinator.swift */; };
		AE73FAC62A3C815400D98446 /* CoreDataManager.swift in Sources */ = {isa = PBXBuildFile; fileRef = AE73FAC52A3C815400D98446 /* CoreDataManager.swift */; };
		AE73FACC2A3C81CE00D98446 /* ZooDataModel.xcdatamodeld in Sources */ = {isa = PBXBuildFile; fileRef = AE73FACA2A3C81CE00D98446 /* ZooDataModel.xcdatamodeld */; };
		AE73FAD32A3C83B100D98446 /* AreaResultModel.swift in Sources */ = {isa = PBXBuildFile; fileRef = AE73FACF2A3C83B100D98446 /* AreaResultModel.swift */; };
		AE73FAD42A3C83B100D98446 /* PlantModel.swift in Sources */ = {isa = PBXBuildFile; fileRef = AE73FAD02A3C83B100D98446 /* PlantModel.swift */; };
		AE73FAD52A3C83B100D98446 /* PlantResultModel.swift in Sources */ = {isa = PBXBuildFile; fileRef = AE73FAD12A3C83B100D98446 /* PlantResultModel.swift */; };
		AE73FAD62A3C83B100D98446 /* AreaModel.swift in Sources */ = {isa = PBXBuildFile; fileRef = AE73FAD22A3C83B100D98446 /* AreaModel.swift */; };
		AE73FAD82A3C83B600D98446 /* TaipeiZooService.swift in Sources */ = {isa = PBXBuildFile; fileRef = AE73FAD72A3C83B600D98446 /* TaipeiZooService.swift */; };
/* End PBXBuildFile section */

/* Begin PBXFileReference section */
		28F28F62972D890BD88B2575 /* Pods_taipei_zoo.framework */ = {isa = PBXFileReference; explicitFileType = wrapper.framework; includeInIndex = 0; path = Pods_taipei_zoo.framework; sourceTree = BUILT_PRODUCTS_DIR; };
		325DF9E31E4C609FB399D2F0 /* Pods-taipei-zoo.debug.xcconfig */ = {isa = PBXFileReference; includeInIndex = 1; lastKnownFileType = text.xcconfig; name = "Pods-taipei-zoo.debug.xcconfig"; path = "Target Support Files/Pods-taipei-zoo/Pods-taipei-zoo.debug.xcconfig"; sourceTree = "<group>"; };
		44AB1EDE5EEDCECD9DA0EC02 /* Pods-taipei-zoo.release.xcconfig */ = {isa = PBXFileReference; includeInIndex = 1; lastKnownFileType = text.xcconfig; name = "Pods-taipei-zoo.release.xcconfig"; path = "Target Support Files/Pods-taipei-zoo/Pods-taipei-zoo.release.xcconfig"; sourceTree = "<group>"; };
		AE73FAA82A3C80D500D98446 /* taipei-zoo.app */ = {isa = PBXFileReference; explicitFileType = wrapper.application; includeInIndex = 0; path = "taipei-zoo.app"; sourceTree = BUILT_PRODUCTS_DIR; };
		AE73FAAB2A3C80D500D98446 /* AppDelegate.swift */ = {isa = PBXFileReference; lastKnownFileType = sourcecode.swift; path = AppDelegate.swift; sourceTree = "<group>"; };
		AE73FAAF2A3C80D500D98446 /* ViewController.swift */ = {isa = PBXFileReference; lastKnownFileType = sourcecode.swift; path = ViewController.swift; sourceTree = "<group>"; };
		AE73FAB22A3C80D500D98446 /* Base */ = {isa = PBXFileReference; lastKnownFileType = file.storyboard; name = Base; path = Base.lproj/Main.storyboard; sourceTree = "<group>"; };
		AE73FAB42A3C80D600D98446 /* Assets.xcassets */ = {isa = PBXFileReference; lastKnownFileType = folder.assetcatalog; path = Assets.xcassets; sourceTree = "<group>"; };
		AE73FAB72A3C80D600D98446 /* Base */ = {isa = PBXFileReference; lastKnownFileType = file.storyboard; name = Base; path = Base.lproj/LaunchScreen.storyboard; sourceTree = "<group>"; };
		AE73FAB92A3C80D600D98446 /* Info.plist */ = {isa = PBXFileReference; lastKnownFileType = text.plist.xml; path = Info.plist; sourceTree = "<group>"; };
		AE73FABF2A3C813700D98446 /* AppCoordinator.swift */ = {isa = PBXFileReference; fileEncoding = 4; lastKnownFileType = sourcecode.swift; path = AppCoordinator.swift; sourceTree = "<group>"; };
		AE73FAC52A3C815400D98446 /* CoreDataManager.swift */ = {isa = PBXFileReference; fileEncoding = 4; lastKnownFileType = sourcecode.swift; path = CoreDataManager.swift; sourceTree = "<group>"; };
		AE73FACB2A3C81CE00D98446 /* ZooDataModel.xcdatamodel */ = {isa = PBXFileReference; lastKnownFileType = wrapper.xcdatamodel; path = ZooDataModel.xcdatamodel; sourceTree = "<group>"; };
		AE73FACF2A3C83B100D98446 /* AreaResultModel.swift */ = {isa = PBXFileReference; fileEncoding = 4; lastKnownFileType = sourcecode.swift; path = AreaResultModel.swift; sourceTree = "<group>"; };
		AE73FAD02A3C83B100D98446 /* PlantModel.swift */ = {isa = PBXFileReference; fileEncoding = 4; lastKnownFileType = sourcecode.swift; path = PlantModel.swift; sourceTree = "<group>"; };
		AE73FAD12A3C83B100D98446 /* PlantResultModel.swift */ = {isa = PBXFileReference; fileEncoding = 4; lastKnownFileType = sourcecode.swift; path = PlantResultModel.swift; sourceTree = "<group>"; };
		AE73FAD22A3C83B100D98446 /* AreaModel.swift */ = {isa = PBXFileReference; fileEncoding = 4; lastKnownFileType = sourcecode.swift; path = AreaModel.swift; sourceTree = "<group>"; };
		AE73FAD72A3C83B600D98446 /* TaipeiZooService.swift */ = {isa = PBXFileReference; fileEncoding = 4; lastKnownFileType = sourcecode.swift; path = TaipeiZooService.swift; sourceTree = "<group>"; };
/* End PBXFileReference section */

/* Begin PBXFrameworksBuildPhase section */
		AE73FAA52A3C80D500D98446 /* Frameworks */ = {
			isa = PBXFrameworksBuildPhase;
			buildActionMask = 2147483647;
			files = (
				9863DEFE59B1717EF9F3BABB /* Pods_taipei_zoo.framework in Frameworks */,
			);
			runOnlyForDeploymentPostprocessing = 0;
		};
/* End PBXFrameworksBuildPhase section */

/* Begin PBXGroup section */
		A3EF82618B7B5DE5F79F9E9F /* Frameworks */ = {
			isa = PBXGroup;
			children = (
				28F28F62972D890BD88B2575 /* Pods_taipei_zoo.framework */,
			);
			name = Frameworks;
			sourceTree = "<group>";
		};
		AE73FA9F2A3C80D500D98446 = {
			isa = PBXGroup;
			children = (
				AE73FAAA2A3C80D500D98446 /* taipei-zoo */,
				AE73FAA92A3C80D500D98446 /* Products */,
				DA2BF9E0E53C28006DE834A6 /* Pods */,
				A3EF82618B7B5DE5F79F9E9F /* Frameworks */,
			);
			sourceTree = "<group>";
		};
		AE73FAA92A3C80D500D98446 /* Products */ = {
			isa = PBXGroup;
			children = (
				AE73FAA82A3C80D500D98446 /* taipei-zoo.app */,
			);
			name = Products;
			sourceTree = "<group>";
		};
		AE73FAAA2A3C80D500D98446 /* taipei-zoo */ = {
			isa = PBXGroup;
			children = (
				AE73FACE2A3C839600D98446 /* Services */,
				AE73FACD2A3C838E00D98446 /* Model */,
				AE73FAC52A3C815400D98446 /* CoreDataManager.swift */,
				AE73FABF2A3C813700D98446 /* AppCoordinator.swift */,
				AE73FAAB2A3C80D500D98446 /* AppDelegate.swift */,
				AE73FAAF2A3C80D500D98446 /* ViewController.swift */,
				AE73FAB12A3C80D500D98446 /* Main.storyboard */,
				AE73FAB42A3C80D600D98446 /* Assets.xcassets */,
				AE73FAB62A3C80D600D98446 /* LaunchScreen.storyboard */,
				AE73FAB92A3C80D600D98446 /* Info.plist */,
				AE73FACA2A3C81CE00D98446 /* ZooDataModel.xcdatamodeld */,
			);
			path = "taipei-zoo";
			sourceTree = "<group>";
		};
		AE73FACD2A3C838E00D98446 /* Model */ = {
			isa = PBXGroup;
			children = (
				AE73FAD22A3C83B100D98446 /* AreaModel.swift */,
				AE73FACF2A3C83B100D98446 /* AreaResultModel.swift */,
				AE73FAD02A3C83B100D98446 /* PlantModel.swift */,
				AE73FAD12A3C83B100D98446 /* PlantResultModel.swift */,
			);
			path = Model;
			sourceTree = "<group>";
		};
		AE73FACE2A3C839600D98446 /* Services */ = {
			isa = PBXGroup;
			children = (
				AE73FAD72A3C83B600D98446 /* TaipeiZooService.swift */,
			);
			path = Services;
			sourceTree = "<group>";
		};
		DA2BF9E0E53C28006DE834A6 /* Pods */ = {
			isa = PBXGroup;
			children = (
				325DF9E31E4C609FB399D2F0 /* Pods-taipei-zoo.debug.xcconfig */,
				44AB1EDE5EEDCECD9DA0EC02 /* Pods-taipei-zoo.release.xcconfig */,
			);
			path = Pods;
			sourceTree = "<group>";
		};
/* End PBXGroup section */

/* Begin PBXNativeTarget section */
		AE73FAA72A3C80D500D98446 /* taipei-zoo */ = {
			isa = PBXNativeTarget;
			buildConfigurationList = AE73FABC2A3C80D600D98446 /* Build configuration list for PBXNativeTarget "taipei-zoo" */;
			buildPhases = (
				8C3882AD8F6164335213142E /* [CP] Check Pods Manifest.lock */,
				AE73FAA42A3C80D500D98446 /* Sources */,
				AE73FAA52A3C80D500D98446 /* Frameworks */,
				AE73FAA62A3C80D500D98446 /* Resources */,
				07E89214496262A5A9B9F21B /* [CP] Embed Pods Frameworks */,
			);
			buildRules = (
			);
			dependencies = (
			);
			name = "taipei-zoo";
			productName = "taipei-zoo";
			productReference = AE73FAA82A3C80D500D98446 /* taipei-zoo.app */;
			productType = "com.apple.product-type.application";
		};
/* End PBXNativeTarget section */

/* Begin PBXProject section */
		AE73FAA02A3C80D500D98446 /* Project object */ = {
			isa = PBXProject;
			attributes = {
				BuildIndependentTargetsInParallel = 1;
				LastSwiftUpdateCheck = 1430;
				LastUpgradeCheck = 1430;
				TargetAttributes = {
					AE73FAA72A3C80D500D98446 = {
						CreatedOnToolsVersion = 14.3.1;
					};
				};
			};
			buildConfigurationList = AE73FAA32A3C80D500D98446 /* Build configuration list for PBXProject "taipei-zoo" */;
			compatibilityVersion = "Xcode 14.0";
			developmentRegion = en;
			hasScannedForEncodings = 0;
			knownRegions = (
				en,
				Base,
			);
			mainGroup = AE73FA9F2A3C80D500D98446;
			productRefGroup = AE73FAA92A3C80D500D98446 /* Products */;
			projectDirPath = "";
			projectRoot = "";
			targets = (
				AE73FAA72A3C80D500D98446 /* taipei-zoo */,
			);
		};
/* End PBXProject section */

/* Begin PBXResourcesBuildPhase section */
		AE73FAA62A3C80D500D98446 /* Resources */ = {
			isa = PBXResourcesBuildPhase;
			buildActionMask = 2147483647;
			files = (
				AE73FAB82A3C80D600D98446 /* LaunchScreen.storyboard in Resources */,
				AE73FAB52A3C80D600D98446 /* Assets.xcassets in Resources */,
				AE73FAB32A3C80D500D98446 /* Main.storyboard in Resources */,
			);
			runOnlyForDeploymentPostprocessing = 0;
		};
/* End PBXResourcesBuildPhase section */

/* Begin PBXShellScriptBuildPhase section */
		07E89214496262A5A9B9F21B /* [CP] Embed Pods Frameworks */ = {
			isa = PBXShellScriptBuildPhase;
			buildActionMask = 2147483647;
			files = (
			);
			inputFileListPaths = (
				"${PODS_ROOT}/Target Support Files/Pods-taipei-zoo/Pods-taipei-zoo-frameworks-${CONFIGURATION}-input-files.xcfilelist",
			);
			name = "[CP] Embed Pods Frameworks";
			outputFileListPaths = (
				"${PODS_ROOT}/Target Support Files/Pods-taipei-zoo/Pods-taipei-zoo-frameworks-${CONFIGURATION}-output-files.xcfilelist",
			);
			runOnlyForDeploymentPostprocessing = 0;
			shellPath = /bin/sh;
			shellScript = "\"${PODS_ROOT}/Target Support Files/Pods-taipei-zoo/Pods-taipei-zoo-frameworks.sh\"\n";
			showEnvVarsInLog = 0;
		};
		8C3882AD8F6164335213142E /* [CP] Check Pods Manifest.lock */ = {
			isa = PBXShellScriptBuildPhase;
			buildActionMask = 2147483647;
			files = (
			);
			inputFileListPaths = (
			);
			inputPaths = (
				"${PODS_PODFILE_DIR_PATH}/Podfile.lock",
				"${PODS_ROOT}/Manifest.lock",
			);
			name = "[CP] Check Pods Manifest.lock";
			outputFileListPaths = (
			);
			outputPaths = (
				"$(DERIVED_FILE_DIR)/Pods-taipei-zoo-checkManifestLockResult.txt",
			);
			runOnlyForDeploymentPostprocessing = 0;
			shellPath = /bin/sh;
			shellScript = "diff \"${PODS_PODFILE_DIR_PATH}/Podfile.lock\" \"${PODS_ROOT}/Manifest.lock\" > /dev/null\nif [ $? != 0 ] ; then\n    # print error to STDERR\n    echo \"error: The sandbox is not in sync with the Podfile.lock. Run 'pod install' or update your CocoaPods installation.\" >&2\n    exit 1\nfi\n# This output is used by Xcode 'outputs' to avoid re-running this script phase.\necho \"SUCCESS\" > \"${SCRIPT_OUTPUT_FILE_0}\"\n";
			showEnvVarsInLog = 0;
		};
/* End PBXShellScriptBuildPhase section */

/* Begin PBXSourcesBuildPhase section */
		AE73FAA42A3C80D500D98446 /* Sources */ = {
			isa = PBXSourcesBuildPhase;
			buildActionMask = 2147483647;
			files = (
				AE73FAD52A3C83B100D98446 /* PlantResultModel.swift in Sources */,
				AE73FAC02A3C813700D98446 /* AppCoordinator.swift in Sources */,
				AE73FAB02A3C80D500D98446 /* ViewController.swift in Sources */,
				AE73FAD42A3C83B100D98446 /* PlantModel.swift in Sources */,
				AE73FAC62A3C815400D98446 /* CoreDataManager.swift in Sources */,
				AE73FACC2A3C81CE00D98446 /* ZooDataModel.xcdatamodeld in Sources */,
				AE73FAD82A3C83B600D98446 /* TaipeiZooService.swift in Sources */,
				AE73FAD62A3C83B100D98446 /* AreaModel.swift in Sources */,
				AE73FAAC2A3C80D500D98446 /* AppDelegate.swift in Sources */,
				AE73FAD32A3C83B100D98446 /* AreaResultModel.swift in Sources */,
			);
			runOnlyForDeploymentPostprocessing = 0;
		};
/* End PBXSourcesBuildPhase section */

/* Begin PBXVariantGroup section */
		AE73FAB12A3C80D500D98446 /* Main.storyboard */ = {
			isa = PBXVariantGroup;
			children = (
				AE73FAB22A3C80D500D98446 /* Base */,
			);
			name = Main.storyboard;
			sourceTree = "<group>";
		};
		AE73FAB62A3C80D600D98446 /* LaunchScreen.storyboard */ = {
			isa = PBXVariantGroup;
			children = (
				AE73FAB72A3C80D600D98446 /* Base */,
			);
			name = LaunchScreen.storyboard;
			sourceTree = "<group>";
		};
/* End PBXVariantGroup section */

/* Begin XCBuildConfiguration section */
		AE73FABA2A3C80D600D98446 /* Debug */ = {
			isa = XCBuildConfiguration;
			buildSettings = {
				ALWAYS_SEARCH_USER_PATHS = NO;
				CLANG_ANALYZER_NONNULL = YES;
				CLANG_ANALYZER_NUMBER_OBJECT_CONVERSION = YES_AGGRESSIVE;
				CLANG_CXX_LANGUAGE_STANDARD = "gnu++20";
				CLANG_ENABLE_MODULES = YES;
				CLANG_ENABLE_OBJC_ARC = YES;
				CLANG_ENABLE_OBJC_WEAK = YES;
				CLANG_WARN_BLOCK_CAPTURE_AUTORELEASING = YES;
				CLANG_WARN_BOOL_CONVERSION = YES;
				CLANG_WARN_COMMA = YES;
				CLANG_WARN_CONSTANT_CONVERSION = YES;
				CLANG_WARN_DEPRECATED_OBJC_IMPLEMENTATIONS = YES;
				CLANG_WARN_DIRECT_OBJC_ISA_USAGE = YES_ERROR;
				CLANG_WARN_DOCUMENTATION_COMMENTS = YES;
				CLANG_WARN_EMPTY_BODY = YES;
				CLANG_WARN_ENUM_CONVERSION = YES;
				CLANG_WARN_INFINITE_RECURSION = YES;
				CLANG_WARN_INT_CONVERSION = YES;
				CLANG_WARN_NON_LITERAL_NULL_CONVERSION = YES;
				CLANG_WARN_OBJC_IMPLICIT_RETAIN_SELF = YES;
				CLANG_WARN_OBJC_LITERAL_CONVERSION = YES;
				CLANG_WARN_OBJC_ROOT_CLASS = YES_ERROR;
				CLANG_WARN_QUOTED_INCLUDE_IN_FRAMEWORK_HEADER = YES;
				CLANG_WARN_RANGE_LOOP_ANALYSIS = YES;
				CLANG_WARN_STRICT_PROTOTYPES = YES;
				CLANG_WARN_SUSPICIOUS_MOVE = YES;
				CLANG_WARN_UNGUARDED_AVAILABILITY = YES_AGGRESSIVE;
				CLANG_WARN_UNREACHABLE_CODE = YES;
				CLANG_WARN__DUPLICATE_METHOD_MATCH = YES;
				COPY_PHASE_STRIP = NO;
				DEBUG_INFORMATION_FORMAT = dwarf;
				ENABLE_STRICT_OBJC_MSGSEND = YES;
				ENABLE_TESTABILITY = YES;
				GCC_C_LANGUAGE_STANDARD = gnu11;
				GCC_DYNAMIC_NO_PIC = NO;
				GCC_NO_COMMON_BLOCKS = YES;
				GCC_OPTIMIZATION_LEVEL = 0;
				GCC_PREPROCESSOR_DEFINITIONS = (
					"DEBUG=1",
					"$(inherited)",
				);
				GCC_WARN_64_TO_32_BIT_CONVERSION = YES;
				GCC_WARN_ABOUT_RETURN_TYPE = YES_ERROR;
				GCC_WARN_UNDECLARED_SELECTOR = YES;
				GCC_WARN_UNINITIALIZED_AUTOS = YES_AGGRESSIVE;
				GCC_WARN_UNUSED_FUNCTION = YES;
				GCC_WARN_UNUSED_VARIABLE = YES;
				IPHONEOS_DEPLOYMENT_TARGET = 16.4;
				MTL_ENABLE_DEBUG_INFO = INCLUDE_SOURCE;
				MTL_FAST_MATH = YES;
				ONLY_ACTIVE_ARCH = YES;
				SDKROOT = iphoneos;
				SWIFT_ACTIVE_COMPILATION_CONDITIONS = DEBUG;
				SWIFT_OPTIMIZATION_LEVEL = "-Onone";
			};
			name = Debug;
		};
		AE73FABB2A3C80D600D98446 /* Release */ = {
			isa = XCBuildConfiguration;
			buildSettings = {
				ALWAYS_SEARCH_USER_PATHS = NO;
				CLANG_ANALYZER_NONNULL = YES;
				CLANG_ANALYZER_NUMBER_OBJECT_CONVERSION = YES_AGGRESSIVE;
				CLANG_CXX_LANGUAGE_STANDARD = "gnu++20";
				CLANG_ENABLE_MODULES = YES;
				CLANG_ENABLE_OBJC_ARC = YES;
				CLANG_ENABLE_OBJC_WEAK = YES;
				CLANG_WARN_BLOCK_CAPTURE_AUTORELEASING = YES;
				CLANG_WARN_BOOL_CONVERSION = YES;
				CLANG_WARN_COMMA = YES;
				CLANG_WARN_CONSTANT_CONVERSION = YES;
				CLANG_WARN_DEPRECATED_OBJC_IMPLEMENTATIONS = YES;
				CLANG_WARN_DIRECT_OBJC_ISA_USAGE = YES_ERROR;
				CLANG_WARN_DOCUMENTATION_COMMENTS = YES;
				CLANG_WARN_EMPTY_BODY = YES;
				CLANG_WARN_ENUM_CONVERSION = YES;
				CLANG_WARN_INFINITE_RECURSION = YES;
				CLANG_WARN_INT_CONVERSION = YES;
				CLANG_WARN_NON_LITERAL_NULL_CONVERSION = YES;
				CLANG_WARN_OBJC_IMPLICIT_RETAIN_SELF = YES;
				CLANG_WARN_OBJC_LITERAL_CONVERSION = YES;
				CLANG_WARN_OBJC_ROOT_CLASS = YES_ERROR;
				CLANG_WARN_QUOTED_INCLUDE_IN_FRAMEWORK_HEADER = YES;
				CLANG_WARN_RANGE_LOOP_ANALYSIS = YES;
				CLANG_WARN_STRICT_PROTOTYPES = YES;
				CLANG_WARN_SUSPICIOUS_MOVE = YES;
				CLANG_WARN_UNGUARDED_AVAILABILITY = YES_AGGRESSIVE;
				CLANG_WARN_UNREACHABLE_CODE = YES;
				CLANG_WARN__DUPLICATE_METHOD_MATCH = YES;
				COPY_PHASE_STRIP = NO;
				DEBUG_INFORMATION_FORMAT = "dwarf-with-dsym";
				ENABLE_NS_ASSERTIONS = NO;
				ENABLE_STRICT_OBJC_MSGSEND = YES;
				GCC_C_LANGUAGE_STANDARD = gnu11;
				GCC_NO_COMMON_BLOCKS = YES;
				GCC_WARN_64_TO_32_BIT_CONVERSION = YES;
				GCC_WARN_ABOUT_RETURN_TYPE = YES_ERROR;
				GCC_WARN_UNDECLARED_SELECTOR = YES;
				GCC_WARN_UNINITIALIZED_AUTOS = YES_AGGRESSIVE;
				GCC_WARN_UNUSED_FUNCTION = YES;
				GCC_WARN_UNUSED_VARIABLE = YES;
				IPHONEOS_DEPLOYMENT_TARGET = 16.4;
				MTL_ENABLE_DEBUG_INFO = NO;
				MTL_FAST_MATH = YES;
				SDKROOT = iphoneos;
				SWIFT_COMPILATION_MODE = wholemodule;
				SWIFT_OPTIMIZATION_LEVEL = "-O";
				VALIDATE_PRODUCT = YES;
			};
			name = Release;
		};
		AE73FABD2A3C80D600D98446 /* Debug */ = {
			isa = XCBuildConfiguration;
			baseConfigurationReference = 325DF9E31E4C609FB399D2F0 /* Pods-taipei-zoo.debug.xcconfig */;
			buildSettings = {
				ASSETCATALOG_COMPILER_APPICON_NAME = AppIcon;
				ASSETCATALOG_COMPILER_GLOBAL_ACCENT_COLOR_NAME = AccentColor;
				CODE_SIGN_STYLE = Automatic;
				CURRENT_PROJECT_VERSION = 1;
				DEVELOPMENT_TEAM = Z5K76683ZA;
				GENERATE_INFOPLIST_FILE = YES;
				INFOPLIST_FILE = "taipei-zoo/Info.plist";
				INFOPLIST_KEY_UIApplicationSupportsIndirectInputEvents = YES;
				INFOPLIST_KEY_UILaunchStoryboardName = LaunchScreen;
				INFOPLIST_KEY_UIMainStoryboardFile = Main;
				INFOPLIST_KEY_UISupportedInterfaceOrientations = UIInterfaceOrientationPortrait;
				INFOPLIST_KEY_UISupportedInterfaceOrientations_iPad = "UIInterfaceOrientationPortrait UIInterfaceOrientationPortraitUpsideDown";
				IPHONEOS_DEPLOYMENT_TARGET = 16.0;
				LD_RUNPATH_SEARCH_PATHS = (
					"$(inherited)",
					"@executable_path/Frameworks",
				);
				MARKETING_VERSION = 1.0;
				PRODUCT_BUNDLE_IDENTIFIER = "com.dev.taipei-zoo";
				PRODUCT_NAME = "$(TARGET_NAME)";
				SWIFT_EMIT_LOC_STRINGS = YES;
				SWIFT_VERSION = 5.0;
				TARGETED_DEVICE_FAMILY = "1,2";
			};
			name = Debug;
		};
		AE73FABE2A3C80D600D98446 /* Release */ = {
			isa = XCBuildConfiguration;
			baseConfigurationReference = 44AB1EDE5EEDCECD9DA0EC02 /* Pods-taipei-zoo.release.xcconfig */;
			buildSettings = {
				ASSETCATALOG_COMPILER_APPICON_NAME = AppIcon;
				ASSETCATALOG_COMPILER_GLOBAL_ACCENT_COLOR_NAME = AccentColor;
				CODE_SIGN_STYLE = Automatic;
				CURRENT_PROJECT_VERSION = 1;
				DEVELOPMENT_TEAM = Z5K76683ZA;
				GENERATE_INFOPLIST_FILE = YES;
				INFOPLIST_FILE = "taipei-zoo/Info.plist";
				INFOPLIST_KEY_UIApplicationSupportsIndirectInputEvents = YES;
				INFOPLIST_KEY_UILaunchStoryboardName = LaunchScreen;
				INFOPLIST_KEY_UIMainStoryboardFile = Main;
				INFOPLIST_KEY_UISupportedInterfaceOrientations = UIInterfaceOrientationPortrait;
				INFOPLIST_KEY_UISupportedInterfaceOrientations_iPad = "UIInterfaceOrientationPortrait UIInterfaceOrientationPortraitUpsideDown";
				IPHONEOS_DEPLOYMENT_TARGET = 16.0;
				LD_RUNPATH_SEARCH_PATHS = (
					"$(inherited)",
					"@executable_path/Frameworks",
				);
				MARKETING_VERSION = 1.0;
				PRODUCT_BUNDLE_IDENTIFIER = "com.dev.taipei-zoo";
				PRODUCT_NAME = "$(TARGET_NAME)";
				SWIFT_EMIT_LOC_STRINGS = YES;
				SWIFT_VERSION = 5.0;
				TARGETED_DEVICE_FAMILY = "1,2";
			};
			name = Release;
		};
/* End XCBuildConfiguration section */

/* Begin XCConfigurationList section */
		AE73FAA32A3C80D500D98446 /* Build configuration list for PBXProject "taipei-zoo" */ = {
			isa = XCConfigurationList;
			buildConfigurations = (
				AE73FABA2A3C80D600D98446 /* Debug */,
				AE73FABB2A3C80D600D98446 /* Release */,
			);
			defaultConfigurationIsVisible = 0;
			defaultConfigurationName = Release;
		};
		AE73FABC2A3C80D600D98446 /* Build configuration list for PBXNativeTarget "taipei-zoo" */ = {
			isa = XCConfigurationList;
			buildConfigurations = (
				AE73FABD2A3C80D600D98446 /* Debug */,
				AE73FABE2A3C80D600D98446 /* Release */,
			);
			defaultConfigurationIsVisible = 0;
			defaultConfigurationName = Release;
		};
/* End XCConfigurationList section */

/* Begin XCVersionGroup section */
		AE73FACA2A3C81CE00D98446 /* ZooDataModel.xcdatamodeld */ = {
			isa = XCVersionGroup;
			children = (
				AE73FACB2A3C81CE00D98446 /* ZooDataModel.xcdatamodel */,
			);
			currentVersion = AE73FACB2A3C81CE00D98446 /* ZooDataModel.xcdatamodel */;
			path = ZooDataModel.xcdatamodeld;
			sourceTree = "<group>";
			versionGroupType = wrapper.xcdatamodel;
		};
/* End XCVersionGroup section */
	};
	rootObject = AE73FAA02A3C80D500D98446 /* Project object */;
}
